
Microsoft Visual Studio Solution File, Format Version 12.00
# Visual Studio Version 17
VisualStudioVersion = 17.5.33424.131
MinimumVisualStudioVersion = 10.0.40219.1
Project("{FAE04EC0-301F-11D3-BF4B-00C04F79EFBC}") = "WebApplication1", "WebApplication1.csproj", "{A5779A54-5C90-4756-A28A-C637BCACDE71}"
EndProject
Project("{FAE04EC0-301F-11D3-BF4B-00C04F79EFBC}") = "UnitTestProject1", "..\UnitTestProject1\UnitTestProject1.csproj", "{23E084E1-15F0-41BE-B439-72E8176A74A8}"
EndProject
Global
	GlobalSection(SolutionConfigurationPlatforms) = preSolution
		Debug|Any CPU = Debug|Any CPU
		Release|Any CPU = Release|Any CPU
	EndGlobalSection
	GlobalSection(ProjectConfigurationPlatforms) = postSolution
		{A5779A54-5C90-4756-A28A-C637BCACDE71}.Debug|Any CPU.ActiveCfg = Debug|Any CPU
		{A5779A54-5C90-4756-A28A-C637BCACDE71}.Debug|Any CPU.Build.0 = Debug|Any CPU
		{A5779A54-5C90-4756-A28A-C637BCACDE71}.Release|Any CPU.ActiveCfg = Release|Any CPU
		{A5779A54-5C90-4756-A28A-C637BCACDE71}.Release|Any CPU.Build.0 = Release|Any CPU
		{23E084E1-15F0-41BE-B439-72E8176A74A8}.Debug|Any CPU.ActiveCfg = Debug|Any CPU
		{23E084E1-15F0-41BE-B439-72E8176A74A8}.Debug|Any CPU.Build.0 = Debug|Any CPU
		{23E084E1-15F0-41BE-B439-72E8176A74A8}.Release|Any CPU.ActiveCfg = Release|Any CPU
		{23E084E1-15F0-41BE-B439-72E8176A74A8}.Release|Any CPU.Build.0 = Release|Any CPU
	EndGlobalSection
	GlobalSection(SolutionProperties) = preSolution
		HideSolutionNode = FALSE
	EndGlobalSection
	GlobalSection(ExtensibilityGlobals) = postSolution
		SolutionGuid = {69D1358A-0289-4F28-9FA2-01A3CFC82BA5}
	EndGlobalSection
EndGlobal
